// !$*UTF8*$!
{
	archiveVersion = 1;
	classes = {
	};
	objectVersion = 77;
	objects = {

/* Begin PBXBuildFile section */
		1AC3149F3017D5350006F92C /* AppIcon.icon in Resources */ = {isa = PBXBuildFile; fileRef = 1AC3149E3017D5350006F92C /* AppIcon.icon */; };
		1AC314A03017D5350006F92C /* AppIcon.icon in Resources */ = {isa = PBXBuildFile; fileRef = 1AC3149E3017D5350006F92C /* AppIcon.icon */; };
		1AE799FC301709DF00ED7140 /* twodos - watchos Watch App.app in Embed Watch Content */ = {isa = PBXBuildFile; fileRef = 1AE799F2301709D500ED7140 /* twodos - watchos Watch App.app */; settings = {ATTRIBUTES = (RemoveHeadersOnCopy, ); }; };
		1AFIREBASE000000000004 /* FirebaseAnalytics in Frameworks */ = {isa = PBXBuildFile; productRef = 1AFIREBASE000000000002 /* FirebaseAnalytics */; };
		1AFIREBASE000000000005 /* FirebaseCrashlytics in Frameworks */ = {isa = PBXBuildFile; productRef = 1AFIREBASE000000000003 /* FirebaseCrashlytics */; };
		1AWIOS000000000000000D /* twodos - ios widgets.appex in Embed Foundation Extensions */ = {isa = PBXBuildFile; fileRef = 1AWIOS0000000000000002 /* twodos - ios widgets.appex */; settings = {ATTRIBUTES = (RemoveHeadersOnCopy, ); }; };
		1AWWCH000000000000000D /* twodos - watchos widgets.appex in Embed Foundation Extensions */ = {isa = PBXBuildFile; fileRef = 1AWWCH0000000000000002 /* twodos - watchos widgets.appex */; settings = {ATTRIBUTES = (RemoveHeadersOnCopy, ); }; };
/* End PBXBuildFile section */

/* Begin PBXContainerItemProxy section */
		1AE799FA301709DF00ED7140 /* PBXContainerItemProxy */ = {
			isa = PBXContainerItemProxy;
			containerPortal = 1AFECA473016CDB700FF871A /* Project object */;
			proxyType = 1;
			remoteGlobalIDString = 1AE799F1301709D500ED7140;
			remoteInfo = "twodos - watchos Watch App";
		};
		1ATEST000000000000000B /* PBXContainerItemProxy */ = {
			isa = PBXContainerItemProxy;
			containerPortal = 1AFECA473016CDB700FF871A /* Project object */;
			proxyType = 1;
			remoteGlobalIDString = 1AFECA4E3016CDB700FF871A;
			remoteInfo = "twodos - ios";
		};
		1AWIOS000000000000000A /* PBXContainerItemProxy */ = {
			isa = PBXContainerItemProxy;
			containerPortal = 1AFECA473016CDB700FF871A /* Project object */;
			proxyType = 1;
			remoteGlobalIDString = 1AWIOS0000000000000001;
			remoteInfo = "twodos - ios widgets";
		};
		1AWWCH000000000000000A /* PBXContainerItemProxy */ = {
			isa = PBXContainerItemProxy;
			containerPortal = 1AFECA473016CDB700FF871A /* Project object */;
			proxyType = 1;
			remoteGlobalIDString = 1AWWCH0000000000000001;
			remoteInfo = "twodos - watchos widgets";
		};
/* End PBXContainerItemProxy section */

/* Begin PBXCopyFilesBuildPhase section */
		1AE799FD301709DF00ED7140 /* Embed Watch Content */ = {
			isa = PBXCopyFilesBuildPhase;
			buildActionMask = 2147483647;
			dstPath = "$(CONTENTS_FOLDER_PATH)/Watch";
			dstSubfolderSpec = 16;
			files = (
				1AE799FC301709DF00ED7140 /* twodos - watchos Watch App.app in Embed Watch Content */,
			);
			name = "Embed Watch Content";
			runOnlyForDeploymentPostprocessing = 0;
		};
		1AWIOS000000000000000C /* Embed Foundation Extensions */ = {
			isa = PBXCopyFilesBuildPhase;
			buildActionMask = 2147483647;
			dstPath = "";
			dstSubfolderSpec = 13;
			files = (
				1AWIOS000000000000000D /* twodos - ios widgets.appex in Embed Foundation Extensions */,
			);
			name = "Embed Foundation Extensions";
			runOnlyForDeploymentPostprocessing = 0;
		};
		1AWWCH000000000000000C /* Embed Foundation Extensions */ = {
			isa = PBXCopyFilesBuildPhase;
			buildActionMask = 2147483647;
			dstPath = "";
			dstSubfolderSpec = 13;
			files = (
				1AWWCH000000000000000D /* twodos - watchos widgets.appex in Embed Foundation Extensions */,
			);
			name = "Embed Foundation Extensions";
			runOnlyForDeploymentPostprocessing = 0;
		};
/* End PBXCopyFilesBuildPhase section */

/* Begin PBXFileReference section */
		1AC3149E3017D5350006F92C /* AppIcon.icon */ = {isa = PBXFileReference; lastKnownFileType = folder.iconcomposer.icon; path = AppIcon.icon; sourceTree = "<group>"; };
		1AE799F2301709D500ED7140 /* twodos - watchos Watch App.app */ = {isa = PBXFileReference; explicitFileType = wrapper.application; includeInIndex = 0; path = "twodos - watchos Watch App.app"; sourceTree = BUILT_PRODUCTS_DIR; };
		1AFECA4F3016CDB700FF871A /* twodos - ios.app */ = {isa = PBXFileReference; explicitFileType = wrapper.application; includeInIndex = 0; path = "twodos - ios.app"; sourceTree = BUILT_PRODUCTS_DIR; };
		1ATEST0000000000000003 /* twodosTests.xctest */ = {isa = PBXFileReference; explicitFileType = wrapper.cfbundle; includeInIndex = 0; path = twodosTests.xctest; sourceTree = BUILT_PRODUCTS_DIR; };
		1AWIOS0000000000000002 /* twodos - ios widgets.appex */ = {isa = PBXFileReference; explicitFileType = "wrapper.app-extension"; includeInIndex = 0; path = "twodos - ios widgets.appex"; sourceTree = BUILT_PRODUCTS_DIR; };
		1AWWCH0000000000000002 /* twodos - watchos widgets.appex */ = {isa = PBXFileReference; explicitFileType = "wrapper.app-extension"; includeInIndex = 0; path = "twodos - watchos widgets.appex"; sourceTree = BUILT_PRODUCTS_DIR; };
/* End PBXFileReference section */

/* Begin PBXFileSystemSynchronizedRootGroup section */
		1AE799F3301709D600ED7140 /* twodos - watchos Watch App */ = {
			isa = PBXFileSystemSynchronizedRootGroup;
			path = "twodos - watchos Watch App";
			sourceTree = "<group>";
		};
		1AFECA513016CDB700FF871A /* twodos - ios */ = {
			isa = PBXFileSystemSynchronizedRootGroup;
			path = "twodos - ios";
			sourceTree = "<group>";
		};
		1ASHARED0000000000000001 /* Shared */ = {
			isa = PBXFileSystemSynchronizedRootGroup;
			path = Shared;
			sourceTree = "<group>";
		};
		1ATEST0000000000000002 /* twodosTests */ = {
			isa = PBXFileSystemSynchronizedRootGroup;
			path = twodosTests;
			sourceTree = "<group>";
		};
		1AWIOS0000000000000003 /* twodos - ios widgets */ = {
			isa = PBXFileSystemSynchronizedRootGroup;
			path = "twodos - ios widgets";
			sourceTree = "<group>";
		};
		1AWSHR0000000000000001 /* WidgetShared */ = {
			isa = PBXFileSystemSynchronizedRootGroup;
			path = WidgetShared;
			sourceTree = "<group>";
		};
		1AWWCH0000000000000003 /* twodos - watchos widgets */ = {
			isa = PBXFileSystemSynchronizedRootGroup;
			path = "twodos - watchos widgets";
			sourceTree = "<group>";
		};
/* End PBXFileSystemSynchronizedRootGroup section */

/* Begin PBXFrameworksBuildPhase section */
		1AE799EF301709D500ED7140 /* Frameworks */ = {
			isa = PBXFrameworksBuildPhase;
			buildActionMask = 2147483647;
			files = (
			);
			runOnlyForDeploymentPostprocessing = 0;
		};
		1AFECA4C3016CDB700FF871A /* Frameworks */ = {
			isa = PBXFrameworksBuildPhase;
			buildActionMask = 2147483647;
			files = (
				1AFIREBASE000000000004 /* FirebaseAnalytics in Frameworks */,
				1AFIREBASE000000000005 /* FirebaseCrashlytics in Frameworks */,
			);
			runOnlyForDeploymentPostprocessing = 0;
		};
		1ATEST0000000000000005 /* Frameworks */ = {
			isa = PBXFrameworksBuildPhase;
			buildActionMask = 2147483647;
			files = (
			);
			runOnlyForDeploymentPostprocessing = 0;
		};
		1AWIOS0000000000000005 /* Frameworks */ = {
			isa = PBXFrameworksBuildPhase;
			buildActionMask = 2147483647;
			files = (
			);
			runOnlyForDeploymentPostprocessing = 0;
		};
		1AWWCH0000000000000005 /* Frameworks */ = {
			isa = PBXFrameworksBuildPhase;
			buildActionMask = 2147483647;
			files = (
			);
			runOnlyForDeploymentPostprocessing = 0;
		};
/* End PBXFrameworksBuildPhase section */

/* Begin PBXGroup section */
		1AE79A0130170B6800ED7140 /* Recovered References */ = {
			isa = PBXGroup;
			children = (
				1ASHARED0000000000000001 /* Shared */,
				1ATEST0000000000000002 /* twodosTests */,
			);
			name = "Recovered References";
			sourceTree = "<group>";
		};
		1AFECA463016CDB600FF871A = {
			isa = PBXGroup;
			children = (
				1AC3149E3017D5350006F92C /* AppIcon.icon */,
				1AFECA513016CDB700FF871A /* twodos - ios */,
				1AE799F3301709D600ED7140 /* twodos - watchos Watch App */,
				1AWIOS0000000000000003 /* twodos - ios widgets */,
				1AWWCH0000000000000003 /* twodos - watchos widgets */,
				1AWSHR0000000000000001 /* WidgetShared */,
				1AFECA503016CDB700FF871A /* Products */,
				1AE79A0130170B6800ED7140 /* Recovered References */,
			);
			sourceTree = "<group>";
		};
		1AFECA503016CDB700FF871A /* Products */ = {
			isa = PBXGroup;
			children = (
				1AFECA4F3016CDB700FF871A /* twodos - ios.app */,
				1ATEST0000000000000003 /* twodosTests.xctest */,
				1AE799F2301709D500ED7140 /* twodos - watchos Watch App.app */,
				1AWIOS0000000000000002 /* twodos - ios widgets.appex */,
				1AWWCH0000000000000002 /* twodos - watchos widgets.appex */,
			);
			name = Products;
			sourceTree = "<group>";
		};
/* End PBXGroup section */

/* Begin PBXNativeTarget section */
		1AE799F1301709D500ED7140 /* twodos - watchos Watch App */ = {
			isa = PBXNativeTarget;
			buildConfigurationList = 1AE79A00301709DF00ED7140 /* Build configuration list for PBXNativeTarget "twodos - watchos Watch App" */;
			buildPhases = (
				1AE799EE301709D500ED7140 /* Sources */,
				1AE799EF301709D500ED7140 /* Frameworks */,
				1AE799F0301709D500ED7140 /* Resources */,
				1AWWCH000000000000000C /* Embed Foundation Extensions */,
			);
			buildRules = (
			);
			dependencies = (
				1AWWCH000000000000000B /* PBXTargetDependency */,
			);
			fileSystemSynchronizedGroups = (
				1AE799F3301709D600ED7140 /* twodos - watchos Watch App */,
				1ASHARED0000000000000001 /* Shared */,
			);
			name = "twodos - watchos Watch App";
			packageProductDependencies = (
			);
			productName = "twodos - watchos Watch App";
			productReference = 1AE799F2301709D500ED7140 /* twodos - watchos Watch App.app */;
			productType = "com.apple.product-type.application";
		};
		1AFECA4E3016CDB700FF871A /* twodos - ios */ = {
			isa = PBXNativeTarget;
			buildConfigurationList = 1AFECA5A3016CDBC00FF871A /* Build configuration list for PBXNativeTarget "twodos - ios" */;
			buildPhases = (
				1AFECA4B3016CDB700FF871A /* Sources */,
				1AFECA4C3016CDB700FF871A /* Frameworks */,
				1AFECA4D3016CDB700FF871A /* Resources */,
				1AWIOS000000000000000C /* Embed Foundation Extensions */,
				1AE799FD301709DF00ED7140 /* Embed Watch Content */,
				1AFIREBASE000000000006 /* Upload Crashlytics dSYMs */,
			);
			buildRules = (
			);
			dependencies = (
				1AWIOS000000000000000B /* PBXTargetDependency */,
				1AE799FB301709DF00ED7140 /* PBXTargetDependency */,
			);
			fileSystemSynchronizedGroups = (
				1AFECA513016CDB700FF871A /* twodos - ios */,
				1ASHARED0000000000000001 /* Shared */,
			);
			name = "twodos - ios";
			packageProductDependencies = (
				1AFIREBASE000000000002 /* FirebaseAnalytics */,
				1AFIREBASE000000000003 /* FirebaseCrashlytics */,
			);
			productName = "twodos - ios";
			productReference = 1AFECA4F3016CDB700FF871A /* twodos - ios.app */;
			productType = "com.apple.product-type.application";
		};
		1ATEST0000000000000001 /* twodosTests */ = {
			isa = PBXNativeTarget;
			buildConfigurationList = 1ATEST0000000000000007 /* Build configuration list for PBXNativeTarget "twodosTests" */;
			buildPhases = (
				1ATEST0000000000000004 /* Sources */,
				1ATEST0000000000000005 /* Frameworks */,
				1ATEST0000000000000006 /* Resources */,
			);
			buildRules = (
			);
			dependencies = (
				1ATEST000000000000000A /* PBXTargetDependency */,
			);
			fileSystemSynchronizedGroups = (
				1ATEST0000000000000002 /* twodosTests */,
			);
			name = twodosTests;
			packageProductDependencies = (
			);
			productName = twodosTests;
			productReference = 1ATEST0000000000000003 /* twodosTests.xctest */;
			productType = "com.apple.product-type.bundle.unit-test";
		};
		1AWIOS0000000000000001 /* twodos - ios widgets */ = {
			isa = PBXNativeTarget;
			buildConfigurationList = 1AWIOS0000000000000007 /* Build configuration list for PBXNativeTarget "twodos - ios widgets" */;
			buildPhases = (
				1AWIOS0000000000000004 /* Sources */,
				1AWIOS0000000000000005 /* Frameworks */,
				1AWIOS0000000000000006 /* Resources */,
			);
			buildRules = (
			);
			dependencies = (
			);
			fileSystemSynchronizedGroups = (
				1ASHARED0000000000000001 /* Shared */,
				1AWIOS0000000000000003 /* twodos - ios widgets */,
				1AWSHR0000000000000001 /* WidgetShared */,
			);
			name = "twodos - ios widgets";
			packageProductDependencies = (
			);
			productName = "twodos - ios widgets";
			productReference = 1AWIOS0000000000000002 /* twodos - ios widgets.appex */;
			productType = "com.apple.product-type.app-extension";
		};
		1AWWCH0000000000000001 /* twodos - watchos widgets */ = {
			isa = PBXNativeTarget;
			buildConfigurationList = 1AWWCH0000000000000007 /* Build configuration list for PBXNativeTarget "twodos - watchos widgets" */;
			buildPhases = (
				1AWWCH0000000000000004 /* Sources */,
				1AWWCH0000000000000005 /* Frameworks */,
				1AWWCH0000000000000006 /* Resources */,
			);
			buildRules = (
			);
			dependencies = (
			);
			fileSystemSynchronizedGroups = (
				1ASHARED0000000000000001 /* Shared */,
				1AWSHR0000000000000001 /* WidgetShared */,
				1AWWCH0000000000000003 /* twodos - watchos widgets */,
			);
			name = "twodos - watchos widgets";
			packageProductDependencies = (
			);
			productName = "twodos - watchos widgets";
			productReference = 1AWWCH0000000000000002 /* twodos - watchos widgets.appex */;
			productType = "com.apple.product-type.app-extension";
		};
/* End PBXNativeTarget section */

/* Begin PBXProject section */
		1AFECA473016CDB700FF871A /* Project object */ = {
			isa = PBXProject;
			attributes = {
				BuildIndependentTargetsInParallel = 1;
				LastSwiftUpdateCheck = 2660;
				LastUpgradeCheck = 2660;
				TargetAttributes = {
					1AE799F1301709D500ED7140 = {
						CreatedOnToolsVersion = 26.6;
					};
					1AFECA4E3016CDB700FF871A = {
						CreatedOnToolsVersion = 26.6;
					};
					1ATEST0000000000000001 = {
						CreatedOnToolsVersion = 26.6;
						TestTargetID = 1AFECA4E3016CDB700FF871A;
					};
					1AWIOS0000000000000001 = {
						CreatedOnToolsVersion = 26.6;
					};
					1AWWCH0000000000000001 = {
						CreatedOnToolsVersion = 26.6;
					};
				};
			};
			buildConfigurationList = 1AFECA4A3016CDB700FF871A /* Build configuration list for PBXProject "twodos - ios" */;
			developmentRegion = en;
			hasScannedForEncodings = 0;
			knownRegions = (
				en,
				Base,
			);
			mainGroup = 1AFECA463016CDB600FF871A;
			minimizedProjectReferenceProxies = 1;
			packageReferences = (
				1AFIREBASE000000000001 /* XCRemoteSwiftPackageReference "firebase-ios-sdk" */,
			);
			preferredProjectObjectVersion = 77;
			productRefGroup = 1AFECA503016CDB700FF871A /* Products */;
			projectDirPath = "";
			projectRoot = "";
			targets = (
				1AFECA4E3016CDB700FF871A /* twodos - ios */,
				1AWIOS0000000000000001 /* twodos - ios widgets */,
				1AE799F1301709D500ED7140 /* twodos - watchos Watch App */,
				1AWWCH0000000000000001 /* twodos - watchos widgets */,
				1ATEST0000000000000001 /* twodosTests */,
			);
		};
/* End PBXProject section */

/* Begin PBXResourcesBuildPhase section */
		1AE799F0301709D500ED7140 /* Resources */ = {
			isa = PBXResourcesBuildPhase;
			buildActionMask = 2147483647;
			files = (
				1AC3149F3017D5350006F92C /* AppIcon.icon in Resources */,
			);
			runOnlyForDeploymentPostprocessing = 0;
		};
		1AFECA4D3016CDB700FF871A /* Resources */ = {
			isa = PBXResourcesBuildPhase;
			buildActionMask = 2147483647;
			files = (
				1AC314A03017D5350006F92C /* AppIcon.icon in Resources */,
			);
			runOnlyForDeploymentPostprocessing = 0;
		};
		1ATEST0000000000000006 /* Resources */ = {
			isa = PBXResourcesBuildPhase;
			buildActionMask = 2147483647;
			files = (
			);
			runOnlyForDeploymentPostprocessing = 0;
		};
		1AWIOS0000000000000006 /* Resources */ = {
			isa = PBXResourcesBuildPhase;
			buildActionMask = 2147483647;
			files = (
			);
			runOnlyForDeploymentPostprocessing = 0;
		};
		1AWWCH0000000000000006 /* Resources */ = {
			isa = PBXResourcesBuildPhase;
			buildActionMask = 2147483647;
			files = (
			);
			runOnlyForDeploymentPostprocessing = 0;
		};
/* End PBXResourcesBuildPhase section */

/* Begin PBXShellScriptBuildPhase section */
		1AFIREBASE000000000006 /* Upload Crashlytics dSYMs */ = {
			isa = PBXShellScriptBuildPhase;
			alwaysOutOfDate = 1;
			buildActionMask = 2147483647;
			files = (
			);
			inputPaths = (
				"${DWARF_DSYM_FOLDER_PATH}/${DWARF_DSYM_FILE_NAME}/Contents/Resources/DWARF/${TARGET_NAME}",
				"$(SRCROOT)/$(BUILT_PRODUCTS_DIR)/$(INFOPLIST_PATH)",
				"$(BUILT_PRODUCTS_DIR)/$(UNLOCALIZED_RESOURCES_FOLDER_PATH)/GoogleService-Info.plist",
			);
			name = "Upload Crashlytics dSYMs";
			outputPaths = (
			);
			runOnlyForDeploymentPostprocessing = 0;
			shellPath = /bin/sh;
			shellScript = "# Uploads debug symbols so a Crashlytics stack trace is readable.\n# Without this every release crash arrives as unnamed frames.\n#\n# Skipped when the package is not checked out, so a clean clone still builds.\nRUN=\"${BUILD_DIR%%/Build/*}/SourcePackages/checkouts/firebase-ios-sdk/Crashlytics/run\"\nif [ -f \"$RUN\" ]; then\n  \"$RUN\"\nelse\n  echo \"warning: Crashlytics upload script not found; dSYMs not uploaded\"\nfi\n";
		};
/* End PBXShellScriptBuildPhase section */

/* Begin PBXSourcesBuildPhase section */
		1AE799EE301709D500ED7140 /* Sources */ = {
			isa = PBXSourcesBuildPhase;
			buildActionMask = 2147483647;
			files = (
			);
			runOnlyForDeploymentPostprocessing = 0;
		};
		1AFECA4B3016CDB700FF871A /* Sources */ = {
			isa = PBXSourcesBuildPhase;
			buildActionMask = 2147483647;
			files = (
			);
			runOnlyForDeploymentPostprocessing = 0;
		};
		1ATEST0000000000000004 /* Sources */ = {
			isa = PBXSourcesBuildPhase;
			buildActionMask = 2147483647;
			files = (
			);
			runOnlyForDeploymentPostprocessing = 0;
		};
		1AWIOS0000000000000004 /* Sources */ = {
			isa = PBXSourcesBuildPhase;
			buildActionMask = 2147483647;
			files = (
			);
			runOnlyForDeploymentPostprocessing = 0;
		};
		1AWWCH0000000000000004 /* Sources */ = {
			isa = PBXSourcesBuildPhase;
			buildActionMask = 2147483647;
			files = (
			);
			runOnlyForDeploymentPostprocessing = 0;
		};
/* End PBXSourcesBuildPhase section */

/* Begin PBXTargetDependency section */
		1AE799FB301709DF00ED7140 /* PBXTargetDependency */ = {
			isa = PBXTargetDependency;
			target = 1AE799F1301709D500ED7140 /* twodos - watchos Watch App */;
			targetProxy = 1AE799FA301709DF00ED7140 /* PBXContainerItemProxy */;
		};
		1ATEST000000000000000A /* PBXTargetDependency */ = {
			isa = PBXTargetDependency;
			target = 1AFECA4E3016CDB700FF871A /* twodos - ios */;
			targetProxy = 1ATEST000000000000000B /* PBXContainerItemProxy */;
		};
		1AWIOS000000000000000B /* PBXTargetDependency */ = {
			isa = PBXTargetDependency;
			target = 1AWIOS0000000000000001 /* twodos - ios widgets */;
			targetProxy = 1AWIOS000000000000000A /* PBXContainerItemProxy */;
		};
		1AWWCH000000000000000B /* PBXTargetDependency */ = {
			isa = PBXTargetDependency;
			target = 1AWWCH0000000000000001 /* twodos - watchos widgets */;
			targetProxy = 1AWWCH000000000000000A /* PBXContainerItemProxy */;
		};
/* End PBXTargetDependency section */

/* Begin XCBuildConfiguration section */
		1AE799FE301709DF00ED7140 /* Debug */ = {
			isa = XCBuildConfiguration;
			buildSettings = {
				ASSETCATALOG_COMPILER_APPICON_NAME = AppIcon;
				ASSETCATALOG_COMPILER_GLOBAL_ACCENT_COLOR_NAME = AccentColor;
				ASSETCATALOG_COMPILER_INCLUDE_ALL_APPICON_ASSETS = YES;
				CODE_SIGN_ENTITLEMENTS = "WidgetSupport/watch-app.entitlements";
				CODE_SIGN_STYLE = Automatic;
				CURRENT_PROJECT_VERSION = 56;
				DEVELOPMENT_TEAM = V2Y9RFPG3D;
				ENABLE_PREVIEWS = YES;
				GENERATE_INFOPLIST_FILE = YES;
				INFOPLIST_FILE = "WidgetSupport/watchos-app-Info.plist";
				INFOPLIST_KEY_CFBundleDisplayName = twodos;
				INFOPLIST_KEY_UISupportedInterfaceOrientations = "UIInterfaceOrientationPortrait UIInterfaceOrientationPortraitUpsideDown";
				INFOPLIST_KEY_WKCompanionAppBundleIdentifier = com.afzaalahmadzeeshan.ios.twodos;
				LD_RUNPATH_SEARCH_PATHS = (
					"$(inherited)",
					"@executable_path/Frameworks",
				);
				MARKETING_VERSION = 2.0.0;
				PRODUCT_BUNDLE_IDENTIFIER = com.afzaalahmadzeeshan.ios.twodos.watchkitapp;
				PRODUCT_NAME = "$(TARGET_NAME)";
				SDKROOT = watchos;
				SKIP_INSTALL = YES;
				STRING_CATALOG_GENERATE_SYMBOLS = YES;
				SWIFT_APPROACHABLE_CONCURRENCY = YES;
				SWIFT_DEFAULT_ACTOR_ISOLATION = nonisolated;
				SWIFT_EMIT_LOC_STRINGS = YES;
				SWIFT_UPCOMING_FEATURE_MEMBER_IMPORT_VISIBILITY = YES;
				SWIFT_VERSION = 5.0;
				TARGETED_DEVICE_FAMILY = 4;
				WATCHOS_DEPLOYMENT_TARGET = 26.5;
			};
			name = Debug;
		};
		1AE799FF301709DF00ED7140 /* Release */ = {
			isa = XCBuildConfiguration;
			buildSettings = {
				ASSETCATALOG_COMPILER_APPICON_NAME = AppIcon;
				ASSETCATALOG_COMPILER_GLOBAL_ACCENT_COLOR_NAME = AccentColor;
				ASSETCATALOG_COMPILER_INCLUDE_ALL_APPICON_ASSETS = YES;
				CODE_SIGN_ENTITLEMENTS = "WidgetSupport/watch-app.entitlements";
				CODE_SIGN_STYLE = Automatic;
				CURRENT_PROJECT_VERSION = 56;
				DEVELOPMENT_TEAM = V2Y9RFPG3D;
				ENABLE_PREVIEWS = YES;
				GENERATE_INFOPLIST_FILE = YES;
				INFOPLIST_FILE = "WidgetSupport/watchos-app-Info.plist";
				INFOPLIST_KEY_CFBundleDisplayName = twodos;
				INFOPLIST_KEY_UISupportedInterfaceOrientations = "UIInterfaceOrientationPortrait UIInterfaceOrientationPortraitUpsideDown";
				INFOPLIST_KEY_WKCompanionAppBundleIdentifier = com.afzaalahmadzeeshan.ios.twodos;
				LD_RUNPATH_SEARCH_PATHS = (
					"$(inherited)",
					"@executable_path/Frameworks",
				);
				MARKETING_VERSION = 2.0.0;
				PRODUCT_BUNDLE_IDENTIFIER = com.afzaalahmadzeeshan.ios.twodos.watchkitapp;
				PRODUCT_NAME = "$(TARGET_NAME)";
				SDKROOT = watchos;
				SKIP_INSTALL = YES;
				STRING_CATALOG_GENERATE_SYMBOLS = YES;
				SWIFT_APPROACHABLE_CONCURRENCY = YES;
				SWIFT_DEFAULT_ACTOR_ISOLATION = nonisolated;
				SWIFT_EMIT_LOC_STRINGS = YES;
				SWIFT_UPCOMING_FEATURE_MEMBER_IMPORT_VISIBILITY = YES;
				SWIFT_VERSION = 5.0;
				TARGETED_DEVICE_FAMILY = 4;
				WATCHOS_DEPLOYMENT_TARGET = 26.5;
			};
			name = Release;
		};
		1AFECA583016CDBC00FF871A /* Debug */ = {
			isa = XCBuildConfiguration;
			buildSettings = {
				ALWAYS_SEARCH_USER_PATHS = NO;
				ASSETCATALOG_COMPILER_GENERATE_SWIFT_ASSET_SYMBOL_EXTENSIONS = YES;
				CLANG_ANALYZER_NONNULL = YES;
				CLANG_ANALYZER_NUMBER_OBJECT_CONVERSION = YES_AGGRESSIVE;
				CLANG_CXX_LANGUAGE_STANDARD = "gnu++20";
				CLANG_ENABLE_MODULES = YES;
				CLANG_ENABLE_OBJC_ARC = YES;
				CLANG_ENABLE_OBJC_WEAK = YES;
				CLANG_WARN_BLOCK_CAPTURE_AUTORELEASING = YES;
				CLANG_WARN_BOOL_CONVERSION = YES;
				CLANG_WARN_COMMA = YES;
				CLANG_WARN_CONSTANT_CONVERSION = YES;
				CLANG_WARN_DEPRECATED_OBJC_IMPLEMENTATIONS = YES;
				CLANG_WARN_DIRECT_OBJC_ISA_USAGE = YES_ERROR;
				CLANG_WARN_DOCUMENTATION_COMMENTS = YES;
				CLANG_WARN_EMPTY_BODY = YES;
				CLANG_WARN_ENUM_CONVERSION = YES;
				CLANG_WARN_INFINITE_RECURSION = YES;
				CLANG_WARN_INT_CONVERSION = YES;
				CLANG_WARN_NON_LITERAL_NULL_CONVERSION = YES;
				CLANG_WARN_OBJC_IMPLICIT_RETAIN_SELF = YES;
				CLANG_WARN_OBJC_LITERAL_CONVERSION = YES;
				CLANG_WARN_OBJC_ROOT_CLASS = YES_ERROR;
				CLANG_WARN_QUOTED_INCLUDE_IN_FRAMEWORK_HEADER = YES;
				CLANG_WARN_RANGE_LOOP_ANALYSIS = YES;
				CLANG_WARN_STRICT_PROTOTYPES = YES;
				CLANG_WARN_SUSPICIOUS_MOVE = YES;
				CLANG_WARN_UNGUARDED_AVAILABILITY = YES_AGGRESSIVE;
				CLANG_WARN_UNREACHABLE_CODE = YES;
				CLANG_WARN__DUPLICATE_METHOD_MATCH = YES;
				COPY_PHASE_STRIP = NO;
				DEBUG_INFORMATION_FORMAT = dwarf;
				DEVELOPMENT_TEAM = V2Y9RFPG3D;
				ENABLE_STRICT_OBJC_MSGSEND = YES;
				ENABLE_TESTABILITY = YES;
				ENABLE_USER_SCRIPT_SANDBOXING = YES;
				GCC_C_LANGUAGE_STANDARD = gnu17;
				GCC_DYNAMIC_NO_PIC = NO;
				GCC_NO_COMMON_BLOCKS = YES;
				GCC_OPTIMIZATION_LEVEL = 0;
				GCC_PREPROCESSOR_DEFINITIONS = (
					"DEBUG=1",
					"$(inherited)",
				);
				GCC_WARN_64_TO_32_BIT_CONVERSION = YES;
				GCC_WARN_ABOUT_RETURN_TYPE = YES_ERROR;
				GCC_WARN_UNDECLARED_SELECTOR = YES;
				GCC_WARN_UNINITIALIZED_AUTOS = YES_AGGRESSIVE;
				GCC_WARN_UNUSED_FUNCTION = YES;
				GCC_WARN_UNUSED_VARIABLE = YES;
				IPHONEOS_DEPLOYMENT_TARGET = 26.5;
				LOCALIZATION_PREFERS_STRING_CATALOGS = YES;
				MTL_ENABLE_DEBUG_INFO = INCLUDE_SOURCE;
				MTL_FAST_MATH = YES;
				ONLY_ACTIVE_ARCH = YES;
				SDKROOT = iphoneos;
				SWIFT_ACTIVE_COMPILATION_CONDITIONS = "DEBUG $(inherited)";
				SWIFT_OPTIMIZATION_LEVEL = "-Onone";
			};
			name = Debug;
		};
		1AFECA593016CDBC00FF871A /* Release */ = {
			isa = XCBuildConfiguration;
			buildSettings = {
				ALWAYS_SEARCH_USER_PATHS = NO;
				ASSETCATALOG_COMPILER_GENERATE_SWIFT_ASSET_SYMBOL_EXTENSIONS = YES;
				CLANG_ANALYZER_NONNULL = YES;
				CLANG_ANALYZER_NUMBER_OBJECT_CONVERSION = YES_AGGRESSIVE;
				CLANG_CXX_LANGUAGE_STANDARD = "gnu++20";
				CLANG_ENABLE_MODULES = YES;
				CLANG_ENABLE_OBJC_ARC = YES;
				CLANG_ENABLE_OBJC_WEAK = YES;
				CLANG_WARN_BLOCK_CAPTURE_AUTORELEASING = YES;
				CLANG_WARN_BOOL_CONVERSION = YES;
				CLANG_WARN_COMMA = YES;
				CLANG_WARN_CONSTANT_CONVERSION = YES;
				CLANG_WARN_DEPRECATED_OBJC_IMPLEMENTATIONS = YES;
				CLANG_WARN_DIRECT_OBJC_ISA_USAGE = YES_ERROR;
				CLANG_WARN_DOCUMENTATION_COMMENTS = YES;
				CLANG_WARN_EMPTY_BODY = YES;
				CLANG_WARN_ENUM_CONVERSION = YES;
				CLANG_WARN_INFINITE_RECURSION = YES;
				CLANG_WARN_INT_CONVERSION = YES;
				CLANG_WARN_NON_LITERAL_NULL_CONVERSION = YES;
				CLANG_WARN_OBJC_IMPLICIT_RETAIN_SELF = YES;
				CLANG_WARN_OBJC_LITERAL_CONVERSION = YES;
				CLANG_WARN_OBJC_ROOT_CLASS = YES_ERROR;
				CLANG_WARN_QUOTED_INCLUDE_IN_FRAMEWORK_HEADER = YES;
				CLANG_WARN_RANGE_LOOP_ANALYSIS = YES;
				CLANG_WARN_STRICT_PROTOTYPES = YES;
				CLANG_WARN_SUSPICIOUS_MOVE = YES;
				CLANG_WARN_UNGUARDED_AVAILABILITY = YES_AGGRESSIVE;
				CLANG_WARN_UNREACHABLE_CODE = YES;
				CLANG_WARN__DUPLICATE_METHOD_MATCH = YES;
				COPY_PHASE_STRIP = NO;
				DEBUG_INFORMATION_FORMAT = "dwarf-with-dsym";
				DEVELOPMENT_TEAM = V2Y9RFPG3D;
				ENABLE_NS_ASSERTIONS = NO;
				ENABLE_STRICT_OBJC_MSGSEND = YES;
				ENABLE_USER_SCRIPT_SANDBOXING = YES;
				GCC_C_LANGUAGE_STANDARD = gnu17;
				GCC_NO_COMMON_BLOCKS = YES;
				GCC_WARN_64_TO_32_BIT_CONVERSION = YES;
				GCC_WARN_ABOUT_RETURN_TYPE = YES_ERROR;
				GCC_WARN_UNDECLARED_SELECTOR = YES;
				GCC_WARN_UNINITIALIZED_AUTOS = YES_AGGRESSIVE;
				GCC_WARN_UNUSED_FUNCTION = YES;
				GCC_WARN_UNUSED_VARIABLE = YES;
				IPHONEOS_DEPLOYMENT_TARGET = 26.5;
				LOCALIZATION_PREFERS_STRING_CATALOGS = YES;
				MTL_ENABLE_DEBUG_INFO = NO;
				MTL_FAST_MATH = YES;
				SDKROOT = iphoneos;
				SWIFT_COMPILATION_MODE = wholemodule;
				VALIDATE_PRODUCT = YES;
			};
			name = Release;
		};
		1AFECA5B3016CDBC00FF871A /* Debug */ = {
			isa = XCBuildConfiguration;
			buildSettings = {
				ASSETCATALOG_COMPILER_APPICON_NAME = AppIcon;
				ASSETCATALOG_COMPILER_GLOBAL_ACCENT_COLOR_NAME = AccentColor;
				CODE_SIGN_ENTITLEMENTS = "twodos - ios/twodos - ios.entitlements";
				CODE_SIGN_STYLE = Automatic;
				CURRENT_PROJECT_VERSION = 56;
				DEVELOPMENT_TEAM = V2Y9RFPG3D;
				ENABLE_PREVIEWS = YES;
				GENERATE_INFOPLIST_FILE = YES;
				INFOPLIST_FILE = "WidgetSupport/ios-app-Info.plist";
				INFOPLIST_KEY_CFBundleDisplayName = twodos;
				INFOPLIST_KEY_LSApplicationCategoryType = "public.app-category.productivity";
				INFOPLIST_KEY_NSLocationAlwaysAndWhenInUseUsageDescription = "twodos watches for the places you pin to a list so a reminder can arrive the moment you get there — even when the app is closed.";
				INFOPLIST_KEY_NSLocationWhenInUseUsageDescription = "twodos uses your location to centre the map and to pin a place to a list, so a reminder can find you when you arrive or leave.";
				INFOPLIST_KEY_NSSupportsLiveActivities = YES;
				INFOPLIST_KEY_UIApplicationSceneManifest_Generation = YES;
				INFOPLIST_KEY_UIApplicationSupportsIndirectInputEvents = YES;
				INFOPLIST_KEY_UILaunchScreen_Generation = YES;
				INFOPLIST_KEY_UISupportedInterfaceOrientations_iPad = "UIInterfaceOrientationPortrait UIInterfaceOrientationPortraitUpsideDown UIInterfaceOrientationLandscapeLeft UIInterfaceOrientationLandscapeRight";
				INFOPLIST_KEY_UISupportedInterfaceOrientations_iPhone = "UIInterfaceOrientationPortrait UIInterfaceOrientationLandscapeLeft UIInterfaceOrientationLandscapeRight";
				LD_RUNPATH_SEARCH_PATHS = (
					"$(inherited)",
					"@executable_path/Frameworks",
				);
				MARKETING_VERSION = 2.0.0;
				PRODUCT_BUNDLE_IDENTIFIER = com.afzaalahmadzeeshan.ios.twodos;
				PRODUCT_NAME = "$(TARGET_NAME)";
				STRING_CATALOG_GENERATE_SYMBOLS = YES;
				SWIFT_APPROACHABLE_CONCURRENCY = YES;
				SWIFT_DEFAULT_ACTOR_ISOLATION = nonisolated;
				SWIFT_EMIT_LOC_STRINGS = YES;
				SWIFT_UPCOMING_FEATURE_MEMBER_IMPORT_VISIBILITY = YES;
				SWIFT_VERSION = 5.0;
				TARGETED_DEVICE_FAMILY = "1,2";
			};
			name = Debug;
		};
		1AFECA5C3016CDBC00FF871A /* Release */ = {
			isa = XCBuildConfiguration;
			buildSettings = {
				ASSETCATALOG_COMPILER_APPICON_NAME = AppIcon;
				ASSETCATALOG_COMPILER_GLOBAL_ACCENT_COLOR_NAME = AccentColor;
				CODE_SIGN_ENTITLEMENTS = "twodos - ios/twodos - ios.entitlements";
				CODE_SIGN_STYLE = Automatic;
				CURRENT_PROJECT_VERSION = 56;
				DEVELOPMENT_TEAM = V2Y9RFPG3D;
				ENABLE_PREVIEWS = YES;
				GENERATE_INFOPLIST_FILE = YES;
				INFOPLIST_FILE = "WidgetSupport/ios-app-Info.plist";
				INFOPLIST_KEY_CFBundleDisplayName = twodos;
				INFOPLIST_KEY_LSApplicationCategoryType = "public.app-category.productivity";
				INFOPLIST_KEY_NSLocationAlwaysAndWhenInUseUsageDescription = "twodos watches for the places you pin to a list so a reminder can arrive the moment you get there — even when the app is closed.";
				INFOPLIST_KEY_NSLocationWhenInUseUsageDescription = "twodos uses your location to centre the map and to pin a place to a list, so a reminder can find you when you arrive or leave.";
				INFOPLIST_KEY_NSSupportsLiveActivities = YES;
				INFOPLIST_KEY_UIApplicationSceneManifest_Generation = YES;
				INFOPLIST_KEY_UIApplicationSupportsIndirectInputEvents = YES;
				INFOPLIST_KEY_UILaunchScreen_Generation = YES;
				INFOPLIST_KEY_UISupportedInterfaceOrientations_iPad = "UIInterfaceOrientationPortrait UIInterfaceOrientationPortraitUpsideDown UIInterfaceOrientationLandscapeLeft UIInterfaceOrientationLandscapeRight";
				INFOPLIST_KEY_UISupportedInterfaceOrientations_iPhone = "UIInterfaceOrientationPortrait UIInterfaceOrientationLandscapeLeft UIInterfaceOrientationLandscapeRight";
				LD_RUNPATH_SEARCH_PATHS = (
					"$(inherited)",
					"@executable_path/Frameworks",
				);
				MARKETING_VERSION = 2.0.0;
				PRODUCT_BUNDLE_IDENTIFIER = com.afzaalahmadzeeshan.ios.twodos;
				PRODUCT_NAME = "$(TARGET_NAME)";
				STRING_CATALOG_GENERATE_SYMBOLS = YES;
				SWIFT_APPROACHABLE_CONCURRENCY = YES;
				SWIFT_DEFAULT_ACTOR_ISOLATION = nonisolated;
				SWIFT_EMIT_LOC_STRINGS = YES;
				SWIFT_UPCOMING_FEATURE_MEMBER_IMPORT_VISIBILITY = YES;
				SWIFT_VERSION = 5.0;
				TARGETED_DEVICE_FAMILY = "1,2";
			};
			name = Release;
		};
		1ATEST0000000000000008 /* Debug */ = {
			isa = XCBuildConfiguration;
			buildSettings = {
				BUNDLE_LOADER = "$(TEST_HOST)";
				CODE_SIGN_STYLE = Automatic;
				CURRENT_PROJECT_VERSION = 1;
				GENERATE_INFOPLIST_FILE = YES;
				IPHONEOS_DEPLOYMENT_TARGET = 26.5;
				MARKETING_VERSION = 1.0;
				PRODUCT_BUNDLE_IDENTIFIER = com.afzaalahmadzeeshan.ios.twodos.twodosTests;
				PRODUCT_NAME = "$(TARGET_NAME)";
				SWIFT_EMIT_LOC_STRINGS = NO;
				SWIFT_VERSION = 5.0;
				TARGETED_DEVICE_FAMILY = "1,2";
				TEST_HOST = "$(BUILT_PRODUCTS_DIR)/twodos - ios.app/$(BUNDLE_EXECUTABLE_FOLDER_PATH)/twodos - ios";
			};
			name = Debug;
		};
		1ATEST0000000000000009 /* Release */ = {
			isa = XCBuildConfiguration;
			buildSettings = {
				BUNDLE_LOADER = "$(TEST_HOST)";
				CODE_SIGN_STYLE = Automatic;
				CURRENT_PROJECT_VERSION = 1;
				GENERATE_INFOPLIST_FILE = YES;
				IPHONEOS_DEPLOYMENT_TARGET = 26.5;
				MARKETING_VERSION = 1.0;
				PRODUCT_BUNDLE_IDENTIFIER = com.afzaalahmadzeeshan.ios.twodos.twodosTests;
				PRODUCT_NAME = "$(TARGET_NAME)";
				SWIFT_EMIT_LOC_STRINGS = NO;
				SWIFT_VERSION = 5.0;
				TARGETED_DEVICE_FAMILY = "1,2";
				TEST_HOST = "$(BUILT_PRODUCTS_DIR)/twodos - ios.app/$(BUNDLE_EXECUTABLE_FOLDER_PATH)/twodos - ios";
			};
			name = Release;
		};
		1AWIOS0000000000000008 /* Debug */ = {
			isa = XCBuildConfiguration;
			buildSettings = {
				ASSETCATALOG_COMPILER_GLOBAL_ACCENT_COLOR_NAME = AccentColor;
				CODE_SIGN_ENTITLEMENTS = "WidgetSupport/ios-widgets.entitlements";
				CODE_SIGN_STYLE = Automatic;
				CURRENT_PROJECT_VERSION = 56;
				DEVELOPMENT_TEAM = V2Y9RFPG3D;
				ENABLE_PREVIEWS = YES;
				GENERATE_INFOPLIST_FILE = YES;
				INFOPLIST_FILE = "WidgetSupport/ios-widgets-Info.plist";
				INFOPLIST_KEY_CFBundleDisplayName = twodos;
				IPHONEOS_DEPLOYMENT_TARGET = 26.5;
				LD_RUNPATH_SEARCH_PATHS = (
					"$(inherited)",
					"@executable_path/Frameworks",
					"@executable_path/../../Frameworks",
				);
				MARKETING_VERSION = 2.0.0;
				PRODUCT_BUNDLE_IDENTIFIER = com.afzaalahmadzeeshan.ios.twodos.widgets;
				PRODUCT_NAME = "$(TARGET_NAME)";
				SKIP_INSTALL = YES;
				SWIFT_APPROACHABLE_CONCURRENCY = YES;
				SWIFT_DEFAULT_ACTOR_ISOLATION = nonisolated;
				SWIFT_EMIT_LOC_STRINGS = YES;
				SWIFT_UPCOMING_FEATURE_MEMBER_IMPORT_VISIBILITY = YES;
				SWIFT_VERSION = 5.0;
				TARGETED_DEVICE_FAMILY = "1,2";
			};
			name = Debug;
		};
		1AWIOS0000000000000009 /* Release */ = {
			isa = XCBuildConfiguration;
			buildSettings = {
				ASSETCATALOG_COMPILER_GLOBAL_ACCENT_COLOR_NAME = AccentColor;
				CODE_SIGN_ENTITLEMENTS = "WidgetSupport/ios-widgets.entitlements";
				CODE_SIGN_STYLE = Automatic;
				CURRENT_PROJECT_VERSION = 56;
				DEVELOPMENT_TEAM = V2Y9RFPG3D;
				ENABLE_PREVIEWS = YES;
				GENERATE_INFOPLIST_FILE = YES;
				INFOPLIST_FILE = "WidgetSupport/ios-widgets-Info.plist";
				INFOPLIST_KEY_CFBundleDisplayName = twodos;
				IPHONEOS_DEPLOYMENT_TARGET = 26.5;
				LD_RUNPATH_SEARCH_PATHS = (
					"$(inherited)",
					"@executable_path/Frameworks",
					"@executable_path/../../Frameworks",
				);
				MARKETING_VERSION = 2.0.0;
				PRODUCT_BUNDLE_IDENTIFIER = com.afzaalahmadzeeshan.ios.twodos.widgets;
				PRODUCT_NAME = "$(TARGET_NAME)";
				SKIP_INSTALL = YES;
				SWIFT_APPROACHABLE_CONCURRENCY = YES;
				SWIFT_DEFAULT_ACTOR_ISOLATION = nonisolated;
				SWIFT_EMIT_LOC_STRINGS = YES;
				SWIFT_UPCOMING_FEATURE_MEMBER_IMPORT_VISIBILITY = YES;
				SWIFT_VERSION = 5.0;
				TARGETED_DEVICE_FAMILY = "1,2";
			};
			name = Release;
		};
		1AWWCH0000000000000008 /* Debug */ = {
			isa = XCBuildConfiguration;
			buildSettings = {
				ASSETCATALOG_COMPILER_GLOBAL_ACCENT_COLOR_NAME = AccentColor;
				CODE_SIGN_ENTITLEMENTS = "WidgetSupport/watchos-widgets.entitlements";
				CODE_SIGN_STYLE = Automatic;
				CURRENT_PROJECT_VERSION = 56;
				DEVELOPMENT_TEAM = V2Y9RFPG3D;
				ENABLE_PREVIEWS = YES;
				GENERATE_INFOPLIST_FILE = YES;
				INFOPLIST_FILE = "WidgetSupport/watchos-widgets-Info.plist";
				INFOPLIST_KEY_CFBundleDisplayName = twodos;
				LD_RUNPATH_SEARCH_PATHS = (
					"$(inherited)",
					"@executable_path/Frameworks",
					"@executable_path/../../Frameworks",
				);
				MARKETING_VERSION = 2.0.0;
				PRODUCT_BUNDLE_IDENTIFIER = com.afzaalahmadzeeshan.ios.twodos.watchkitapp.widgets;
				PRODUCT_NAME = "$(TARGET_NAME)";
				SDKROOT = watchos;
				SKIP_INSTALL = YES;
				SWIFT_APPROACHABLE_CONCURRENCY = YES;
				SWIFT_DEFAULT_ACTOR_ISOLATION = nonisolated;
				SWIFT_EMIT_LOC_STRINGS = YES;
				SWIFT_UPCOMING_FEATURE_MEMBER_IMPORT_VISIBILITY = YES;
				SWIFT_VERSION = 5.0;
				TARGETED_DEVICE_FAMILY = 4;
				WATCHOS_DEPLOYMENT_TARGET = 26.5;
			};
			name = Debug;
		};
		1AWWCH0000000000000009 /* Release */ = {
			isa = XCBuildConfiguration;
			buildSettings = {
				ASSETCATALOG_COMPILER_GLOBAL_ACCENT_COLOR_NAME = AccentColor;
				CODE_SIGN_ENTITLEMENTS = "WidgetSupport/watchos-widgets.entitlements";
				CODE_SIGN_STYLE = Automatic;
				CURRENT_PROJECT_VERSION = 56;
				DEVELOPMENT_TEAM = V2Y9RFPG3D;
				ENABLE_PREVIEWS = YES;
				GENERATE_INFOPLIST_FILE = YES;
				INFOPLIST_FILE = "WidgetSupport/watchos-widgets-Info.plist";
				INFOPLIST_KEY_CFBundleDisplayName = twodos;
				LD_RUNPATH_SEARCH_PATHS = (
					"$(inherited)",
					"@executable_path/Frameworks",
					"@executable_path/../../Frameworks",
				);
				MARKETING_VERSION = 2.0.0;
				PRODUCT_BUNDLE_IDENTIFIER = com.afzaalahmadzeeshan.ios.twodos.watchkitapp.widgets;
				PRODUCT_NAME = "$(TARGET_NAME)";
				SDKROOT = watchos;
				SKIP_INSTALL = YES;
				SWIFT_APPROACHABLE_CONCURRENCY = YES;
				SWIFT_DEFAULT_ACTOR_ISOLATION = nonisolated;
				SWIFT_EMIT_LOC_STRINGS = YES;
				SWIFT_UPCOMING_FEATURE_MEMBER_IMPORT_VISIBILITY = YES;
				SWIFT_VERSION = 5.0;
				TARGETED_DEVICE_FAMILY = 4;
				WATCHOS_DEPLOYMENT_TARGET = 26.5;
			};
			name = Release;
		};
/* End XCBuildConfiguration section */

/* Begin XCConfigurationList section */
		1AE79A00301709DF00ED7140 /* Build configuration list for PBXNativeTarget "twodos - watchos Watch App" */ = {
			isa = XCConfigurationList;
			buildConfigurations = (
				1AE799FE301709DF00ED7140 /* Debug */,
				1AE799FF301709DF00ED7140 /* Release */,
			);
			defaultConfigurationIsVisible = 0;
			defaultConfigurationName = Release;
		};
		1AFECA4A3016CDB700FF871A /* Build configuration list for PBXProject "twodos - ios" */ = {
			isa = XCConfigurationList;
			buildConfigurations = (
				1AFECA583016CDBC00FF871A /* Debug */,
				1AFECA593016CDBC00FF871A /* Release */,
			);
			defaultConfigurationIsVisible = 0;
			defaultConfigurationName = Release;
		};
		1AFECA5A3016CDBC00FF871A /* Build configuration list for PBXNativeTarget "twodos - ios" */ = {
			isa = XCConfigurationList;
			buildConfigurations = (
				1AFECA5B3016CDBC00FF871A /* Debug */,
				1AFECA5C3016CDBC00FF871A /* Release */,
			);
			defaultConfigurationIsVisible = 0;
			defaultConfigurationName = Release;
		};
		1ATEST0000000000000007 /* Build configuration list for PBXNativeTarget "twodosTests" */ = {
			isa = XCConfigurationList;
			buildConfigurations = (
				1ATEST0000000000000008 /* Debug */,
				1ATEST0000000000000009 /* Release */,
			);
			defaultConfigurationIsVisible = 0;
			defaultConfigurationName = Release;
		};
		1AWIOS0000000000000007 /* Build configuration list for PBXNativeTarget "twodos - ios widgets" */ = {
			isa = XCConfigurationList;
			buildConfigurations = (
				1AWIOS0000000000000008 /* Debug */,
				1AWIOS0000000000000009 /* Release */,
			);
			defaultConfigurationIsVisible = 0;
			defaultConfigurationName = Release;
		};
		1AWWCH0000000000000007 /* Build configuration list for PBXNativeTarget "twodos - watchos widgets" */ = {
			isa = XCConfigurationList;
			buildConfigurations = (
				1AWWCH0000000000000008 /* Debug */,
				1AWWCH0000000000000009 /* Release */,
			);
			defaultConfigurationIsVisible = 0;
			defaultConfigurationName = Release;
		};
/* End XCConfigurationList section */

/* Begin XCRemoteSwiftPackageReference section */
		1AFIREBASE000000000001 /* XCRemoteSwiftPackageReference "firebase-ios-sdk" */ = {
			isa = XCRemoteSwiftPackageReference;
			repositoryURL = "https://github.com/firebase/firebase-ios-sdk.git";
			requirement = {
				kind = upToNextMajorVersion;
				minimumVersion = 12.0.0;
			};
		};
/* End XCRemoteSwiftPackageReference section */

/* Begin XCSwiftPackageProductDependency section */
		1AFIREBASE000000000002 /* FirebaseAnalytics */ = {
			isa = XCSwiftPackageProductDependency;
			package = 1AFIREBASE000000000001 /* XCRemoteSwiftPackageReference "firebase-ios-sdk" */;
			productName = FirebaseAnalytics;
		};
		1AFIREBASE000000000003 /* FirebaseCrashlytics */ = {
			isa = XCSwiftPackageProductDependency;
			package = 1AFIREBASE000000000001 /* XCRemoteSwiftPackageReference "firebase-ios-sdk" */;
			productName = FirebaseCrashlytics;
		};
/* End XCSwiftPackageProductDependency section */
	};
	rootObject = 1AFECA473016CDB700FF871A /* Project object */;
}
